
Microsoft Visual Studio Solution File, Format Version 12.00
# Visual Studio 15
VisualStudioVersion = 15.0.26124.0
MinimumVisualStudioVersion = 15.0.26124.0
Project("{2150E333-8FDC-42A3-9474-1A3956D46DE8}") = "Client", "Client", "{2CB42F12-E813-91B3-7D11-3220E40BEF4A}"
EndProject
Project("{FAE04EC0-301F-11D3-BF4B-00C04F79EFBC}") = "lenix_sdk.Client", "Client\lenix_sdk.Client.csproj", "{BD112744-8DFB-4424-A839-6710F33310E7}"
EndProject
Project("{2150E333-8FDC-42A3-9474-1A3956D46DE8}") = "Server", "Server", "{DAD03CFC-D5FA-AC94-41C7-9ABAB326F09E}"
EndProject
Project("{FAE04EC0-301F-11D3-BF4B-00C04F79EFBC}") = "lenix_sdk.Server", "Server\lenix_sdk.Server.csproj", "{90378C8B-7F6C-4D12-B9D2-98806714A0A8}"
EndProject
Global
	GlobalSection(SolutionConfigurationPlatforms) = preSolution
		Debug|Any CPU = Debug|Any CPU
		Debug|x64 = Debug|x64
		Debug|x86 = Debug|x86
		Release|Any CPU = Release|Any CPU
		Release|x64 = Release|x64
		Release|x86 = Release|x86
	EndGlobalSection
	GlobalSection(ProjectConfigurationPlatforms) = postSolution
		{BD112744-8DFB-4424-A839-6710F33310E7}.Debug|Any CPU.ActiveCfg = Debug|Any CPU
		{BD112744-8DFB-4424-A839-6710F33310E7}.Debug|Any CPU.Build.0 = Debug|Any CPU
		{BD112744-8DFB-4424-A839-6710F33310E7}.Debug|x64.ActiveCfg = Debug|Any CPU
		{BD112744-8DFB-4424-A839-6710F33310E7}.Debug|x64.Build.0 = Debug|Any CPU
		{BD112744-8DFB-4424-A839-6710F33310E7}.Debug|x86.ActiveCfg = Debug|Any CPU
		{BD112744-8DFB-4424-A839-6710F33310E7}.Debug|x86.Build.0 = Debug|Any CPU
		{BD112744-8DFB-4424-A839-6710F33310E7}.Release|Any CPU.ActiveCfg = Release|Any CPU
		{BD112744-8DFB-4424-A839-6710F33310E7}.Release|Any CPU.Build.0 = Release|Any CPU
		{BD112744-8DFB-4424-A839-6710F33310E7}.Release|x64.ActiveCfg = Release|Any CPU
		{BD112744-8DFB-4424-A839-6710F33310E7}.Release|x64.Build.0 = Release|Any CPU
		{BD112744-8DFB-4424-A839-6710F33310E7}.Release|x86.ActiveCfg = Release|Any CPU
		{BD112744-8DFB-4424-A839-6710F33310E7}.Release|x86.Build.0 = Release|Any CPU
		{90378C8B-7F6C-4D12-B9D2-98806714A0A8}.Debug|Any CPU.ActiveCfg = Debug|Any CPU
		{90378C8B-7F6C-4D12-B9D2-98806714A0A8}.Debug|Any CPU.Build.0 = Debug|Any CPU
		{90378C8B-7F6C-4D12-B9D2-98806714A0A8}.Debug|x64.ActiveCfg = Debug|Any CPU
		{90378C8B-7F6C-4D12-B9D2-98806714A0A8}.Debug|x64.Build.0 = Debug|Any CPU
		{90378C8B-7F6C-4D12-B9D2-98806714A0A8}.Debug|x86.ActiveCfg = Debug|Any CPU
		{90378C8B-7F6C-4D12-B9D2-98806714A0A8}.Debug|x86.Build.0 = Debug|Any CPU
		{90378C8B-7F6C-4D12-B9D2-98806714A0A8}.Release|Any CPU.ActiveCfg = Release|Any CPU
		{90378C8B-7F6C-4D12-B9D2-98806714A0A8}.Release|Any CPU.Build.0 = Release|Any CPU
		{90378C8B-7F6C-4D12-B9D2-98806714A0A8}.Release|x64.ActiveCfg = Release|Any CPU
		{90378C8B-7F6C-4D12-B9D2-98806714A0A8}.Release|x64.Build.0 = Release|Any CPU
		{90378C8B-7F6C-4D12-B9D2-98806714A0A8}.Release|x86.ActiveCfg = Release|Any CPU
		{90378C8B-7F6C-4D12-B9D2-98806714A0A8}.Release|x86.Build.0 = Release|Any CPU
	EndGlobalSection
	GlobalSection(SolutionProperties) = preSolution
		HideSolutionNode = FALSE
	EndGlobalSection
	GlobalSection(NestedProjects) = preSolution
		{BD112744-8DFB-4424-A839-6710F33310E7} = {2CB42F12-E813-91B3-7D11-3220E40BEF4A}
		{90378C8B-7F6C-4D12-B9D2-98806714A0A8} = {DAD03CFC-D5FA-AC94-41C7-9ABAB326F09E}
	EndGlobalSection
EndGlobal
